
Microsoft Visual Studio Solution File, Format Version 12.00
# Visual Studio Version 17
VisualStudioVersion = 17.14.36221.1 d17.14
MinimumVisualStudioVersion = 10.0.40219.1
Project("{FAE04EC0-301F-11D3-BF4B-00C04F79EFBC}") = "PR4-MAUI", "PR4-MAUI\PR4-MAUI.csproj", "{BA571355-4D38-4820-803B-281855D00EEC}"
EndProject
Global
	GlobalSection(SolutionConfigurationPlatforms) = preSolution
		Debug|Any CPU = Debug|Any CPU
		Release|Any CPU = Release|Any CPU
	EndGlobalSection
	GlobalSection(ProjectConfigurationPlatforms) = postSolution
		{BA571355-4D38-4820-803B-281855D00EEC}.Debug|Any CPU.ActiveCfg = Debug|Any CPU
		{BA571355-4D38-4820-803B-281855D00EEC}.Debug|Any CPU.Build.0 = Debug|Any CPU
		{BA571355-4D38-4820-803B-281855D00EEC}.Release|Any CPU.ActiveCfg = Release|Any CPU
		{BA571355-4D38-4820-803B-281855D00EEC}.Release|Any CPU.Build.0 = Release|Any CPU
	EndGlobalSection
	GlobalSection(SolutionProperties) = preSolution
		HideSolutionNode = FALSE
	EndGlobalSection
	GlobalSection(ExtensibilityGlobals) = postSolution
		SolutionGuid = {24576760-B539-423D-AD03-8C8FF23B2504}
	EndGlobalSection
EndGlobal
